
Microsoft Visual Studio Solution File, Format Version 12.00
# Visual Studio Version 16
VisualStudioVersion = 16.0.29009.5
MinimumVisualStudioVersion = 10.0.40219.1
Project("{FAE04EC0-301F-11D3-BF4B-00C04F79EFBC}") = "Week4", "Week4\Week4.csproj", "{FD18B193-8ED7-445C-A5EC-3A02626FBA64}"
EndProject
Project("{FAE04EC0-301F-11D3-BF4B-00C04F79EFBC}") = "Week4_Q2", "Week4\Week4_Q2\Week4_Q2.csproj", "{419D615C-530C-416F-8D15-02EA69F1D70F}"
EndProject
Project("{FAE04EC0-301F-11D3-BF4B-00C04F79EFBC}") = "Week4_Q3", "Week4_Q3\Week4_Q3.csproj", "{B0C526B4-6011-460A-A56F-F1109FFCDBD1}"
EndProject
Global
	GlobalSection(SolutionConfigurationPlatforms) = preSolution
		Debug|Any CPU = Debug|Any CPU
		Release|Any CPU = Release|Any CPU
	EndGlobalSection
	GlobalSection(ProjectConfigurationPlatforms) = postSolution
		{FD18B193-8ED7-445C-A5EC-3A02626FBA64}.Debug|Any CPU.ActiveCfg = Debug|Any CPU
		{FD18B193-8ED7-445C-A5EC-3A02626FBA64}.Debug|Any CPU.Build.0 = Debug|Any CPU
		{FD18B193-8ED7-445C-A5EC-3A02626FBA64}.Release|Any CPU.ActiveCfg = Release|Any CPU
		{FD18B193-8ED7-445C-A5EC-3A02626FBA64}.Release|Any CPU.Build.0 = Release|Any CPU
		{419D615C-530C-416F-8D15-02EA69F1D70F}.Debug|Any CPU.ActiveCfg = Debug|Any CPU
		{419D615C-530C-416F-8D15-02EA69F1D70F}.Debug|Any CPU.Build.0 = Debug|Any CPU
		{419D615C-530C-416F-8D15-02EA69F1D70F}.Release|Any CPU.ActiveCfg = Release|Any CPU
		{419D615C-530C-416F-8D15-02EA69F1D70F}.Release|Any CPU.Build.0 = Release|Any CPU
		{B0C526B4-6011-460A-A56F-F1109FFCDBD1}.Debug|Any CPU.ActiveCfg = Debug|Any CPU
		{B0C526B4-6011-460A-A56F-F1109FFCDBD1}.Debug|Any CPU.Build.0 = Debug|Any CPU
		{B0C526B4-6011-460A-A56F-F1109FFCDBD1}.Release|Any CPU.ActiveCfg = Release|Any CPU
		{B0C526B4-6011-460A-A56F-F1109FFCDBD1}.Release|Any CPU.Build.0 = Release|Any CPU
	EndGlobalSection
	GlobalSection(SolutionProperties) = preSolution
		HideSolutionNode = FALSE
	EndGlobalSection
	GlobalSection(ExtensibilityGlobals) = postSolution
		SolutionGuid = {05CE7FEF-FFD6-480E-AB93-406E7C359BD7}
	EndGlobalSection
EndGlobal
